
Microsoft Visual Studio Solution File, Format Version 12.00
# Visual Studio Version 17
VisualStudioVersion = 17.14.36414.22 d17.14
MinimumVisualStudioVersion = 10.0.40219.1
Project("{FAE04EC0-301F-11D3-BF4B-00C04F79EFBC}") = "RhytmixReload", "RhytmixReload.csproj", "{2F40C0F8-D806-41B7-8E9A-AAEDAFB391BF}"
EndProject
Global
	GlobalSection(SolutionConfigurationPlatforms) = preSolution
		Debug|Any CPU = Debug|Any CPU
		Release|Any CPU = Release|Any CPU
	EndGlobalSection
	GlobalSection(ProjectConfigurationPlatforms) = postSolution
		{2F40C0F8-D806-41B7-8E9A-AAEDAFB391BF}.Debug|Any CPU.ActiveCfg = Debug|Any CPU
		{2F40C0F8-D806-41B7-8E9A-AAEDAFB391BF}.Debug|Any CPU.Build.0 = Debug|Any CPU
		{2F40C0F8-D806-41B7-8E9A-AAEDAFB391BF}.Release|Any CPU.ActiveCfg = Release|Any CPU
		{2F40C0F8-D806-41B7-8E9A-AAEDAFB391BF}.Release|Any CPU.Build.0 = Release|Any CPU
	EndGlobalSection
	GlobalSection(SolutionProperties) = preSolution
		HideSolutionNode = FALSE
	EndGlobalSection
	GlobalSection(ExtensibilityGlobals) = postSolution
		SolutionGuid = {31C22BD1-C54B-42B3-B30D-660F802B61B7}
	EndGlobalSection
EndGlobal
